
Microsoft Visual Studio Solution File, Format Version 12.00
# Visual Studio 2013
VisualStudioVersion = 12.0.30501.0
MinimumVisualStudioVersion = 10.0.40219.1
Project("{FAE04EC0-301F-11D3-BF4B-00C04F79EFBC}") = "PhotoViewer", "PhotoViewer\PhotoViewer.csproj", "{EF3A2150-F61A-41E8-91D6-F1552A2F0457}"
EndProject
Project("{FAE04EC0-301F-11D3-BF4B-00C04F79EFBC}") = "PhotoViewer.Layout", "PhotoViewer.Layout\PhotoViewer.Layout.csproj", "{67F9D3A8-F71E-4428-913F-C37AE82CDB24}"
EndProject
Project("{FAE04EC0-301F-11D3-BF4B-00C04F79EFBC}") = "PhotoViewer.Domain", "PhotoViewer.Domain\PhotoViewer.Domain.csproj", "{F2A01351-8CBA-4274-8DFF-A387637DB672}"
EndProject
Global
	GlobalSection(SolutionConfigurationPlatforms) = preSolution
		Debug|Any CPU = Debug|Any CPU
		Release|Any CPU = Release|Any CPU
	EndGlobalSection
	GlobalSection(ProjectConfigurationPlatforms) = postSolution
		{EF3A2150-F61A-41E8-91D6-F1552A2F0457}.Debug|Any CPU.ActiveCfg = Debug|Any CPU
		{EF3A2150-F61A-41E8-91D6-F1552A2F0457}.Debug|Any CPU.Build.0 = Debug|Any CPU
		{EF3A2150-F61A-41E8-91D6-F1552A2F0457}.Debug|Any CPU.Deploy.0 = Debug|Any CPU
		{EF3A2150-F61A-41E8-91D6-F1552A2F0457}.Release|Any CPU.ActiveCfg = Release|Any CPU
		{EF3A2150-F61A-41E8-91D6-F1552A2F0457}.Release|Any CPU.Build.0 = Release|Any CPU
		{EF3A2150-F61A-41E8-91D6-F1552A2F0457}.Release|Any CPU.Deploy.0 = Release|Any CPU
		{67F9D3A8-F71E-4428-913F-C37AE82CDB24}.Debug|Any CPU.ActiveCfg = Debug|Any CPU
		{67F9D3A8-F71E-4428-913F-C37AE82CDB24}.Debug|Any CPU.Build.0 = Debug|Any CPU
		{67F9D3A8-F71E-4428-913F-C37AE82CDB24}.Release|Any CPU.ActiveCfg = Release|Any CPU
		{67F9D3A8-F71E-4428-913F-C37AE82CDB24}.Release|Any CPU.Build.0 = Release|Any CPU
		{F2A01351-8CBA-4274-8DFF-A387637DB672}.Debug|Any CPU.ActiveCfg = Debug|Any CPU
		{F2A01351-8CBA-4274-8DFF-A387637DB672}.Debug|Any CPU.Build.0 = Debug|Any CPU
		{F2A01351-8CBA-4274-8DFF-A387637DB672}.Release|Any CPU.ActiveCfg = Release|Any CPU
		{F2A01351-8CBA-4274-8DFF-A387637DB672}.Release|Any CPU.Build.0 = Release|Any CPU
	EndGlobalSection
	GlobalSection(SolutionProperties) = preSolution
		HideSolutionNode = FALSE
	EndGlobalSection
EndGlobal
